{
  "name": "claude-power-setup",
  "version": "1.1.0",
  "lockfileVersion": 3,
  "requires": true,
  "packages": {
    "": {
      "name": "claude-power-setup",
      "version": "1.1.0",
      "license": "MIT",
      "bin": {
        "claude-power-setup": "cli.js"
      },
      "engines": {
        "node": ">=18"
      }
    }
  }
}
